{
  "name": "mochi",
  "version": "1.0.0",
  "lockfileVersion": 2,
  "requires": true,
  "dependencies": {
    "discord.js": {
      "version": "13.5.1",
      "resolved": "https://registry.npmjs.org/discord.js/-/discord.js-13.5.1.tgz",
      "integrity": "sha512-<integrity-hash>"
    },
    "node-fetch": {
      "version": "2.6.1",
      "resolved": "https://registry.npmjs.org/node-fetch/-/node-fetch-2.6.1.tgz",
      "integrity": "sha512-<integrity-hash>"
    },
    "ytdl-core": {
      "version": "5.2.1",
      "resolved": "https://registry.npmjs.org/ytdl-core/-/ytdl-core-5.2.1.tgz",
      "integrity": "sha512-<integrity-hash>"
    }
  }
}
